
Microsoft Visual Studio Solution File, Format Version 12.00
# Visual Studio Version 17
VisualStudioVersion = 17.5.33414.496
MinimumVisualStudioVersion = 10.0.40219.1
Project("{FAE04EC0-301F-11D3-BF4B-00C04F79EFBC}") = "queso.Android", "queso.Android\queso.Android.csproj", "{C8BBD1C9-2B93-4402-B262-8C6946AAF0C0}"
EndProject
Project("{FAE04EC0-301F-11D3-BF4B-00C04F79EFBC}") = "queso", "queso\queso.csproj", "{81B06461-2F69-4CAB-935B-739B6AB7BCB1}"
EndProject
Global
	GlobalSection(SolutionConfigurationPlatforms) = preSolution
		Debug|Any CPU = Debug|Any CPU
		Release|Any CPU = Release|Any CPU
	EndGlobalSection
	GlobalSection(ProjectConfigurationPlatforms) = postSolution
		{C8BBD1C9-2B93-4402-B262-8C6946AAF0C0}.Debug|Any CPU.ActiveCfg = Debug|Any CPU
		{C8BBD1C9-2B93-4402-B262-8C6946AAF0C0}.Debug|Any CPU.Build.0 = Debug|Any CPU
		{C8BBD1C9-2B93-4402-B262-8C6946AAF0C0}.Debug|Any CPU.Deploy.0 = Debug|Any CPU
		{C8BBD1C9-2B93-4402-B262-8C6946AAF0C0}.Release|Any CPU.ActiveCfg = Release|Any CPU
		{C8BBD1C9-2B93-4402-B262-8C6946AAF0C0}.Release|Any CPU.Build.0 = Release|Any CPU
		{C8BBD1C9-2B93-4402-B262-8C6946AAF0C0}.Release|Any CPU.Deploy.0 = Release|Any CPU
		{81B06461-2F69-4CAB-935B-739B6AB7BCB1}.Debug|Any CPU.ActiveCfg = Debug|Any CPU
		{81B06461-2F69-4CAB-935B-739B6AB7BCB1}.Debug|Any CPU.Build.0 = Debug|Any CPU
		{81B06461-2F69-4CAB-935B-739B6AB7BCB1}.Debug|Any CPU.Deploy.0 = Debug|Any CPU
		{81B06461-2F69-4CAB-935B-739B6AB7BCB1}.Release|Any CPU.ActiveCfg = Release|Any CPU
		{81B06461-2F69-4CAB-935B-739B6AB7BCB1}.Release|Any CPU.Build.0 = Release|Any CPU
		{81B06461-2F69-4CAB-935B-739B6AB7BCB1}.Release|Any CPU.Deploy.0 = Release|Any CPU
	EndGlobalSection
	GlobalSection(SolutionProperties) = preSolution
		HideSolutionNode = FALSE
	EndGlobalSection
	GlobalSection(ExtensibilityGlobals) = postSolution
		SolutionGuid = {87163634-CD0D-4838-AE7C-95B3513D2812}
	EndGlobalSection
EndGlobal
